
Microsoft Visual Studio Solution File, Format Version 12.00
# Visual Studio Version 17
VisualStudioVersion = 17.1.32328.378
MinimumVisualStudioVersion = 10.0.40219.1
Project("{FAE04EC0-301F-11D3-BF4B-00C04F79EFBC}") = "Patterns", "Patterns.csproj", "{2922AC2A-C8AC-4A90-9952-DA35C5F65BFF}"
EndProject
Global
	GlobalSection(SolutionConfigurationPlatforms) = preSolution
		Debug|Any CPU = Debug|Any CPU
		Release|Any CPU = Release|Any CPU
	EndGlobalSection
	GlobalSection(ProjectConfigurationPlatforms) = postSolution
		{2922AC2A-C8AC-4A90-9952-DA35C5F65BFF}.Debug|Any CPU.ActiveCfg = Debug|Any CPU
		{2922AC2A-C8AC-4A90-9952-DA35C5F65BFF}.Debug|Any CPU.Build.0 = Debug|Any CPU
		{2922AC2A-C8AC-4A90-9952-DA35C5F65BFF}.Release|Any CPU.ActiveCfg = Release|Any CPU
		{2922AC2A-C8AC-4A90-9952-DA35C5F65BFF}.Release|Any CPU.Build.0 = Release|Any CPU
	EndGlobalSection
	GlobalSection(SolutionProperties) = preSolution
		HideSolutionNode = FALSE
	EndGlobalSection
	GlobalSection(ExtensibilityGlobals) = postSolution
		SolutionGuid = {E34F8450-D509-421A-95FF-2F59B9FAFB69}
	EndGlobalSection
EndGlobal
